
Microsoft Visual Studio Solution File, Format Version 12.00
# Visual Studio Version 17
VisualStudioVersion = 17.3.32929.385
MinimumVisualStudioVersion = 10.0.40219.1
Project("{FAE04EC0-301F-11D3-BF4B-00C04F79EFBC}") = "Guess Number Problem", "Guess Number Problem\Guess Number Problem.csproj", "{BBE5B5B1-43A0-46DC-BA67-E3E4207155C6}"
EndProject
Global
	GlobalSection(SolutionConfigurationPlatforms) = preSolution
		Debug|Any CPU = Debug|Any CPU
		Release|Any CPU = Release|Any CPU
	EndGlobalSection
	GlobalSection(ProjectConfigurationPlatforms) = postSolution
		{BBE5B5B1-43A0-46DC-BA67-E3E4207155C6}.Debug|Any CPU.ActiveCfg = Debug|Any CPU
		{BBE5B5B1-43A0-46DC-BA67-E3E4207155C6}.Debug|Any CPU.Build.0 = Debug|Any CPU
		{BBE5B5B1-43A0-46DC-BA67-E3E4207155C6}.Release|Any CPU.ActiveCfg = Release|Any CPU
		{BBE5B5B1-43A0-46DC-BA67-E3E4207155C6}.Release|Any CPU.Build.0 = Release|Any CPU
	EndGlobalSection
	GlobalSection(SolutionProperties) = preSolution
		HideSolutionNode = FALSE
	EndGlobalSection
	GlobalSection(ExtensibilityGlobals) = postSolution
		SolutionGuid = {098795C8-4D0B-45E8-98D3-A555483EAA91}
	EndGlobalSection
EndGlobal
